dependencies:
- name: loki-distributed
  repository: https://grafana.github.io/helm-charts
  version: 0.69.10
- name: promtail
  repository: https://grafana.github.io/helm-charts
  version: 6.2.3
- name: filebeat
  repository: https://helm.elastic.co
  version: 7.17.3
digest: sha256:1cb03cdf8123598490b2bacbf4fc4327c9511cc9a2e281acbbf01ddff545c478
generated: "2023-04-06T07:31:35.744551497+02:00"
